
Microsoft Visual Studio Solution File, Format Version 12.00
# Visual Studio Version 17
VisualStudioVersion = 17.8.34511.84
MinimumVisualStudioVersion = 10.0.40219.1
Project("{FAE04EC0-301F-11D3-BF4B-00C04F79EFBC}") = "ConsoleAppClasswork0702", "ConsoleAppClasswork0702.csproj", "{6218F0E3-90AF-425F-BA0F-A4B75A3605B2}"
EndProject
Global
	GlobalSection(SolutionConfigurationPlatforms) = preSolution
		Debug|Any CPU = Debug|Any CPU
		Release|Any CPU = Release|Any CPU
	EndGlobalSection
	GlobalSection(ProjectConfigurationPlatforms) = postSolution
		{6218F0E3-90AF-425F-BA0F-A4B75A3605B2}.Debug|Any CPU.ActiveCfg = Debug|Any CPU
		{6218F0E3-90AF-425F-BA0F-A4B75A3605B2}.Debug|Any CPU.Build.0 = Debug|Any CPU
		{6218F0E3-90AF-425F-BA0F-A4B75A3605B2}.Release|Any CPU.ActiveCfg = Release|Any CPU
		{6218F0E3-90AF-425F-BA0F-A4B75A3605B2}.Release|Any CPU.Build.0 = Release|Any CPU
	EndGlobalSection
	GlobalSection(SolutionProperties) = preSolution
		HideSolutionNode = FALSE
	EndGlobalSection
	GlobalSection(ExtensibilityGlobals) = postSolution
		SolutionGuid = {7C688140-2ED0-4465-AD6C-9ADA33BDDEF9}
	EndGlobalSection
EndGlobal
